{
    "name": "page-check",
    "version": "1.0.0",
    "lockfileVersion": 1,
    "requires": true,
    "dependencies": {
        "httpreq": {
            "version": "0.4.24",
            "resolved": "https://registry.npmjs.org/httpreq/-/httpreq-0.4.24.tgz",
            "integrity": "sha1-QzX/2CzZaWaKOUZckprGHWOTYn8="
        },
        "node-pushover": {
            "version": "1.0.0",
            "resolved": "https://registry.npmjs.org/node-pushover/-/node-pushover-1.0.0.tgz",
            "integrity": "sha512-yIIt6a60obTco2/Yr0/9iR4+4sDbDzlM3qpaJ99xnAwFlDeg29V5ur19D2L+S9i5LaBao5yAQKAdpvQ+7kVIng==",
            "requires": {
                "httpreq": "*"
            }
        }
    }
}
